
Microsoft Visual Studio Solution File, Format Version 10.00
# Visual Studio 2008
Project("{FAE04EC0-301F-11D3-BF4B-00C04F79EFBC}") = "QRBuildDrafts", "QRBuildDrafts\QRBuildDrafts.csproj", "{16E22DA5-C5A7-4445-AF2F-221C05A8E7EC}"
EndProject
Project("{FAE04EC0-301F-11D3-BF4B-00C04F79EFBC}") = "QRBuild", "QRBuild\QRBuild.csproj", "{8449AAC7-39A7-419A-B470-9DC457360947}"
EndProject
Global
	GlobalSection(SolutionConfigurationPlatforms) = preSolution
		Debug|Any CPU = Debug|Any CPU
		Release|Any CPU = Release|Any CPU
	EndGlobalSection
	GlobalSection(ProjectConfigurationPlatforms) = postSolution
		{16E22DA5-C5A7-4445-AF2F-221C05A8E7EC}.Debug|Any CPU.ActiveCfg = Debug|Any CPU
		{16E22DA5-C5A7-4445-AF2F-221C05A8E7EC}.Debug|Any CPU.Build.0 = Debug|Any CPU
		{16E22DA5-C5A7-4445-AF2F-221C05A8E7EC}.Release|Any CPU.ActiveCfg = Release|Any CPU
		{16E22DA5-C5A7-4445-AF2F-221C05A8E7EC}.Release|Any CPU.Build.0 = Release|Any CPU
		{8449AAC7-39A7-419A-B470-9DC457360947}.Debug|Any CPU.ActiveCfg = Debug|Any CPU
		{8449AAC7-39A7-419A-B470-9DC457360947}.Debug|Any CPU.Build.0 = Debug|Any CPU
		{8449AAC7-39A7-419A-B470-9DC457360947}.Release|Any CPU.ActiveCfg = Release|Any CPU
		{8449AAC7-39A7-419A-B470-9DC457360947}.Release|Any CPU.Build.0 = Release|Any CPU
	EndGlobalSection
	GlobalSection(SolutionProperties) = preSolution
		HideSolutionNode = FALSE
	EndGlobalSection
EndGlobal
